
Microsoft Visual Studio Solution File, Format Version 12.00
# Visual Studio Version 17
VisualStudioVersion = 17.10.34928.147
MinimumVisualStudioVersion = 10.0.40219.1
Project("{9A19103F-16F7-4668-BE54-9A1E7A4F7556}") = "management_system", "management_system.csproj", "{14D98A3E-BCDD-4DF3-99E0-F4C11C84DF82}"
EndProject
Project("{9A19103F-16F7-4668-BE54-9A1E7A4F7556}") = "management_system.Entities", "management_system.Entities\management_system.Entities.csproj", "{271B9B70-0429-4D1A-A04D-3725B58995DA}"
EndProject
Project("{9A19103F-16F7-4668-BE54-9A1E7A4F7556}") = "management_system.Repository", "management_system.Repository\management_system.Repository.csproj", "{F3E3A90E-BA39-4361-AB13-2AF9D60936D1}"
EndProject
Project("{9A19103F-16F7-4668-BE54-9A1E7A4F7556}") = "management_system.Services", "management_system.Services\management_system.Services.csproj", "{C3005D5A-AF7C-4CAD-BEA7-CC5686B18702}"
EndProject
Project("{9A19103F-16F7-4668-BE54-9A1E7A4F7556}") = "management_system.Shared", "management_system.Shared\management_system.Shared.csproj", "{0E20585E-DAFA-44EA-9D30-8264CA179222}"
EndProject
Global
	GlobalSection(SolutionConfigurationPlatforms) = preSolution
		Debug|Any CPU = Debug|Any CPU
		Release|Any CPU = Release|Any CPU
	EndGlobalSection
	GlobalSection(ProjectConfigurationPlatforms) = postSolution
		{14D98A3E-BCDD-4DF3-99E0-F4C11C84DF82}.Debug|Any CPU.ActiveCfg = Debug|Any CPU
		{14D98A3E-BCDD-4DF3-99E0-F4C11C84DF82}.Debug|Any CPU.Build.0 = Debug|Any CPU
		{14D98A3E-BCDD-4DF3-99E0-F4C11C84DF82}.Release|Any CPU.ActiveCfg = Release|Any CPU
		{14D98A3E-BCDD-4DF3-99E0-F4C11C84DF82}.Release|Any CPU.Build.0 = Release|Any CPU
		{271B9B70-0429-4D1A-A04D-3725B58995DA}.Debug|Any CPU.ActiveCfg = Debug|Any CPU
		{271B9B70-0429-4D1A-A04D-3725B58995DA}.Debug|Any CPU.Build.0 = Debug|Any CPU
		{271B9B70-0429-4D1A-A04D-3725B58995DA}.Release|Any CPU.ActiveCfg = Release|Any CPU
		{271B9B70-0429-4D1A-A04D-3725B58995DA}.Release|Any CPU.Build.0 = Release|Any CPU
		{F3E3A90E-BA39-4361-AB13-2AF9D60936D1}.Debug|Any CPU.ActiveCfg = Debug|Any CPU
		{F3E3A90E-BA39-4361-AB13-2AF9D60936D1}.Debug|Any CPU.Build.0 = Debug|Any CPU
		{F3E3A90E-BA39-4361-AB13-2AF9D60936D1}.Release|Any CPU.ActiveCfg = Release|Any CPU
		{F3E3A90E-BA39-4361-AB13-2AF9D60936D1}.Release|Any CPU.Build.0 = Release|Any CPU
		{C3005D5A-AF7C-4CAD-BEA7-CC5686B18702}.Debug|Any CPU.ActiveCfg = Debug|Any CPU
		{C3005D5A-AF7C-4CAD-BEA7-CC5686B18702}.Debug|Any CPU.Build.0 = Debug|Any CPU
		{C3005D5A-AF7C-4CAD-BEA7-CC5686B18702}.Release|Any CPU.ActiveCfg = Release|Any CPU
		{C3005D5A-AF7C-4CAD-BEA7-CC5686B18702}.Release|Any CPU.Build.0 = Release|Any CPU
		{0E20585E-DAFA-44EA-9D30-8264CA179222}.Debug|Any CPU.ActiveCfg = Debug|Any CPU
		{0E20585E-DAFA-44EA-9D30-8264CA179222}.Debug|Any CPU.Build.0 = Debug|Any CPU
		{0E20585E-DAFA-44EA-9D30-8264CA179222}.Release|Any CPU.ActiveCfg = Release|Any CPU
		{0E20585E-DAFA-44EA-9D30-8264CA179222}.Release|Any CPU.Build.0 = Release|Any CPU
	EndGlobalSection
	GlobalSection(SolutionProperties) = preSolution
		HideSolutionNode = FALSE
	EndGlobalSection
	GlobalSection(ExtensibilityGlobals) = postSolution
		SolutionGuid = {3023EFE1-A9F8-4C8C-8800-D8BF1AB4798B}
	EndGlobalSection
EndGlobal
